[root]
name = "set_01"
version = "0.1.0"
dependencies = [
 "data-encoding 1.1.2 (registry+https://github.com/rust-lang/crates.io-index)",
]

[[package]]
name = "data-encoding"
version = "1.1.2"
source = "registry+https://github.com/rust-lang/crates.io-index"

[metadata]
"checksum data-encoding 1.1.2 (registry+https://github.com/rust-lang/crates.io-index)" = "f13f03d68d1906eb3222536f5756953e30de4dff4417e5d428414fb8edb26723"
